PODS:
  - A_Category (0.1.0)
  - FBSnapshotTestCase (2.1.4):
    - FBSnapshotTestCase/SwiftSupport (= 2.1.4)
  - FBSnapshotTestCase/Core (2.1.4)
  - FBSnapshotTestCase/SwiftSupport (2.1.4):
    - FBSnapshotTestCase/Core

DEPENDENCIES:
  - A_Category (from `../`)
  - FBSnapshotTestCase

SPEC REPOS:
  trunk:
    - FBSnapshotTestCase

EXTERNAL SOURCES:
  A_Category:
    :path: "../"

SPEC CHECKSUMS:
  A_Category: 37c5282dd84e324c07e2d2222dee7e6ee70fe793
  FBSnapshotTestCase: 094f9f314decbabe373b87cc339bea235a63e07a

PODFILE CHECKSUM: 8e69b9c99b3b766165b1ccc13fbcfdd6c26cce7b

COCOAPODS: 1.8.4
